// !$*UTF8*$!
{
	archiveVersion = 1;
	classes = {
	};
	objectVersion = 46;
	objects = {

/* Begin PBXBuildFile section */
		1A64CE961D75675B00E09EAC /* AppDelegate.swift in Sources */ = {isa = PBXBuildFile; fileRef = 1A64CE951D75675B00E09EAC /* AppDelegate.swift */; };
		1A64CE981D75675B00E09EAC /* ViewController.swift in Sources */ = {isa = PBXBuildFile; fileRef = 1A64CE971D75675B00E09EAC /* ViewController.swift */; };
		1A64CE9B1D75675B00E09EAC /* Main.storyboard in Resources */ = {isa = PBXBuildFile; fileRef = 1A64CE991D75675B00E09EAC /* Main.storyboard */; };
		1A64CE9D1D75675B00E09EAC /* Assets.xcassets in Resources */ = {isa = PBXBuildFile; fileRef = 1A64CE9C1D75675B00E09EAC /* Assets.xcassets */; };
		1A64CEA01D75675B00E09EAC /* LaunchScreen.storyboard in Resources */ = {isa = PBXBuildFile; fileRef = 1A64CE9E1D75675B00E09EAC /* LaunchScreen.storyboard */; };
		1A64CEA81D7570E700E09EAC /* DeatilViewController.swift in Sources */ = {isa = PBXBuildFile; fileRef = 1A64CEA71D7570E700E09EAC /* DeatilViewController.swift */; };
		1A64CEAA1D75766800E09EAC /* ImageMaskTransition.swift in Sources */ = {isa = PBXBuildFile; fileRef = 1A64CEA91D75766800E09EAC /* ImageMaskTransition.swift */; };
		1A64CEAC1D75790400E09EAC /* ImageMaskAnimator.swift in Sources */ = {isa = PBXBuildFile; fileRef = 1A64CEAB1D75790400E09EAC /* ImageMaskAnimator.swift */; };
		1A64CEAE1D7588DD00E09EAC /* ImageMaskUtils.swift in Sources */ = {isa = PBXBuildFile; fileRef = 1A64CEAD1D7588DD00E09EAC /* ImageMaskUtils.swift */; };
/* End PBXBuildFile section */

/* Begin PBXFileReference section */
		1A64CE921D75675B00E09EAC /* gwlTransformAnim.app */ = {isa = PBXFileReference; explicitFileType = wrapper.application; includeInIndex = 0; path = gwlTransformAnim.app; sourceTree = BUILT_PRODUCTS_DIR; };
		1A64CE951D75675B00E09EAC /* AppDelegate.swift */ = {isa = PBXFileReference; lastKnownFileType = sourcecode.swift; path = AppDelegate.swift; sourceTree = "<group>"; };
		1A64CE971D75675B00E09EAC /* ViewController.swift */ = {isa = PBXFileReference; lastKnownFileType = sourcecode.swift; path = ViewController.swift; sourceTree = "<group>"; };
		1A64CE9A1D75675B00E09EAC /* Base */ = {isa = PBXFileReference; lastKnownFileType = file.storyboard; name = Base; path = Base.lproj/Main.storyboard; sourceTree = "<group>"; };
		1A64CE9C1D75675B00E09EAC /* Assets.xcassets */ = {isa = PBXFileReference; lastKnownFileType = folder.assetcatalog; path = Assets.xcassets; sourceTree = "<group>"; };
		1A64CE9F1D75675B00E09EAC /* Base */ = {isa = PBXFileReference; lastKnownFileType = file.storyboard; name = Base; path = Base.lproj/LaunchScreen.storyboard; sourceTree = "<group>"; };
		1A64CEA11D75675B00E09EAC /* Info.plist */ = {isa = PBXFileReference; lastKnownFileType = text.plist.xml; path = Info.plist; sourceTree = "<group>"; };
		1A64CEA71D7570E700E09EAC /* DeatilViewController.swift */ = {isa = PBXFileReference; fileEncoding = 4; lastKnownFileType = sourcecode.swift; path = DeatilViewController.swift; sourceTree = "<group>"; };
		1A64CEA91D75766800E09EAC /* ImageMaskTransition.swift */ = {isa = PBXFileReference; fileEncoding = 4; lastKnownFileType = sourcecode.swift; path = ImageMaskTransition.swift; sourceTree = "<group>"; };
		1A64CEAB1D75790400E09EAC /* ImageMaskAnimator.swift */ = {isa = PBXFileReference; fileEncoding = 4; lastKnownFileType = sourcecode.swift; path = ImageMaskAnimator.swift; sourceTree = "<group>"; };
		1A64CEAD1D7588DD00E09EAC /* ImageMaskUtils.swift */ = {isa = PBXFileReference; fileEncoding = 4; lastKnownFileType = sourcecode.swift; path = ImageMaskUtils.swift; sourceTree = "<group>"; };
/* End PBXFileReference section */

/* Begin PBXFrameworksBuildPhase section */
		1A64CE8F1D75675B00E09EAC /* Frameworks */ = {
			isa = PBXFrameworksBuildPhase;
			buildActionMask = 2147483647;
			files = (
			);
			runOnlyForDeploymentPostprocessing = 0;
		};
/* End PBXFrameworksBuildPhase section */

/* Begin PBXGroup section */
		1A64CE891D75675B00E09EAC = {
			isa = PBXGroup;
			children = (
				1A64CE941D75675B00E09EAC /* gwlTransformAnim */,
				1A64CE931D75675B00E09EAC /* Products */,
			);
			sourceTree = "<group>";
		};
		1A64CE931D75675B00E09EAC /* Products */ = {
			isa = PBXGroup;
			children = (
				1A64CE921D75675B00E09EAC /* gwlTransformAnim.app */,
			);
			name = Products;
			sourceTree = "<group>";
		};
		1A64CE941D75675B00E09EAC /* gwlTransformAnim */ = {
			isa = PBXGroup;
			children = (
				1A64CE951D75675B00E09EAC /* AppDelegate.swift */,
				1A64CE971D75675B00E09EAC /* ViewController.swift */,
				1A64CE991D75675B00E09EAC /* Main.storyboard */,
				1A64CE9C1D75675B00E09EAC /* Assets.xcassets */,
				1A64CE9E1D75675B00E09EAC /* LaunchScreen.storyboard */,
				1A64CEA11D75675B00E09EAC /* Info.plist */,
				1A64CEA71D7570E700E09EAC /* DeatilViewController.swift */,
				1A64CEA91D75766800E09EAC /* ImageMaskTransition.swift */,
				1A64CEAB1D75790400E09EAC /* ImageMaskAnimator.swift */,
				1A64CEAD1D7588DD00E09EAC /* ImageMaskUtils.swift */,
			);
			path = gwlTransformAnim;
			sourceTree = "<group>";
		};
/* End PBXGroup section */

/* Begin PBXNativeTarget section */
		1A64CE911D75675B00E09EAC /* gwlTransformAnim */ = {
			isa = PBXNativeTarget;
			buildConfigurationList = 1A64CEA41D75675B00E09EAC /* Build configuration list for PBXNativeTarget "gwlTransformAnim" */;
			buildPhases = (
				1A64CE8E1D75675B00E09EAC /* Sources */,
				1A64CE8F1D75675B00E09EAC /* Frameworks */,
				1A64CE901D75675B00E09EAC /* Resources */,
			);
			buildRules = (
			);
			dependencies = (
			);
			name = gwlTransformAnim;
			productName = gwlTransformAnim;
			productReference = 1A64CE921D75675B00E09EAC /* gwlTransformAnim.app */;
			productType = "com.apple.product-type.application";
		};
/* End PBXNativeTarget section */

/* Begin PBXProject section */
		1A64CE8A1D75675B00E09EAC /* Project object */ = {
			isa = PBXProject;
			attributes = {
				LastSwiftUpdateCheck = 0730;
				LastUpgradeCheck = 0730;
				ORGANIZATIONNAME = tools;
				TargetAttributes = {
					1A64CE911D75675B00E09EAC = {
						CreatedOnToolsVersion = 7.3;
					};
				};
			};
			buildConfigurationList = 1A64CE8D1D75675B00E09EAC /* Build configuration list for PBXProject "gwlTransformAnim" */;
			compatibilityVersion = "Xcode 3.2";
			developmentRegion = English;
			hasScannedForEncodings = 0;
			knownRegions = (
				en,
				Base,
			);
			mainGroup = 1A64CE891D75675B00E09EAC;
			productRefGroup = 1A64CE931D75675B00E09EAC /* Products */;
			projectDirPath = "";
			projectRoot = "";
			targets = (
				1A64CE911D75675B00E09EAC /* gwlTransformAnim */,
			);
		};
/* End PBXProject section */

/* Begin PBXResourcesBuildPhase section */
		1A64CE901D75675B00E09EAC /* Resources */ = {
			isa = PBXResourcesBuildPhase;
			buildActionMask = 2147483647;
			files = (
				1A64CEA01D75675B00E09EAC /* LaunchScreen.storyboard in Resources */,
				1A64CE9D1D75675B00E09EAC /* Assets.xcassets in Resources */,
				1A64CE9B1D75675B00E09EAC /* Main.storyboard in Resources */,
			);
			runOnlyForDeploymentPostprocessing = 0;
		};
/* End PBXResourcesBuildPhase section */

/* Begin PBXSourcesBuildPhase section */
		1A64CE8E1D75675B00E09EAC /* Sources */ = {
			isa = PBXSourcesBuildPhase;
			buildActionMask = 2147483647;
			files = (
				1A64CE981D75675B00E09EAC /* ViewController.swift in Sources */,
				1A64CEAC1D75790400E09EAC /* ImageMaskAnimator.swift in Sources */,
				1A64CEA81D7570E700E09EAC /* DeatilViewController.swift in Sources */,
				1A64CEAA1D75766800E09EAC /* ImageMaskTransition.swift in Sources */,
				1A64CE961D75675B00E09EAC /* AppDelegate.swift in Sources */,
				1A64CEAE1D7588DD00E09EAC /* ImageMaskUtils.swift in Sources */,
			);
			runOnlyForDeploymentPostprocessing = 0;
		};
/* End PBXSourcesBuildPhase section */

/* Begin PBXVariantGroup section */
		1A64CE991D75675B00E09EAC /* Main.storyboard */ = {
			isa = PBXVariantGroup;
			children = (
				1A64CE9A1D75675B00E09EAC /* Base */,
			);
			name = Main.storyboard;
			sourceTree = "<group>";
		};
		1A64CE9E1D75675B00E09EAC /* LaunchScreen.storyboard */ = {
			isa = PBXVariantGroup;
			children = (
				1A64CE9F1D75675B00E09EAC /* Base */,
			);
			name = LaunchScreen.storyboard;
			sourceTree = "<group>";
		};
/* End PBXVariantGroup section */

/* Begin XCBuildConfiguration section */
		1A64CEA21D75675B00E09EAC /* Debug */ = {
			isa = XCBuildConfiguration;
			buildSettings = {
				ALWAYS_SEARCH_USER_PATHS = NO;
				CLANG_ANALYZER_NONNULL = YES;
				CLANG_CXX_LANGUAGE_STANDARD = "gnu++0x";
				CLANG_CXX_LIBRARY = "libc++";
				CLANG_ENABLE_MODULES = YES;
				CLANG_ENABLE_OBJC_ARC = YES;
				CLANG_WARN_BOOL_CONVERSION = YES;
				CLANG_WARN_CONSTANT_CONVERSION = YES;
				CLANG_WARN_DIRECT_OBJC_ISA_USAGE = YES_ERROR;
				CLANG_WARN_EMPTY_BODY = YES;
				CLANG_WARN_ENUM_CONVERSION = YES;
				CLANG_WARN_INT_CONVERSION = YES;
				CLANG_WARN_OBJC_ROOT_CLASS = YES_ERROR;
				CLANG_WARN_UNREACHABLE_CODE = YES;
				CLANG_WARN__DUPLICATE_METHOD_MATCH = YES;
				"CODE_SIGN_IDENTITY[sdk=iphoneos*]" = "iPhone Developer";
				COPY_PHASE_STRIP = NO;
				DEBUG_INFORMATION_FORMAT = dwarf;
				ENABLE_STRICT_OBJC_MSGSEND = YES;
				ENABLE_TESTABILITY = YES;
				GCC_C_LANGUAGE_STANDARD = gnu99;
				GCC_DYNAMIC_NO_PIC = NO;
				GCC_NO_COMMON_BLOCKS = YES;
				GCC_OPTIMIZATION_LEVEL = 0;
				GCC_PREPROCESSOR_DEFINITIONS = (
					"DEBUG=1",
					"$(inherited)",
				);
				GCC_WARN_64_TO_32_BIT_CONVERSION = YES;
				GCC_WARN_ABOUT_RETURN_TYPE = YES_ERROR;
				GCC_WARN_UNDECLARED_SELECTOR = YES;
				GCC_WARN_UNINITIALIZED_AUTOS = YES_AGGRESSIVE;
				GCC_WARN_UNUSED_FUNCTION = YES;
				GCC_WARN_UNUSED_VARIABLE = YES;
				IPHONEOS_DEPLOYMENT_TARGET = 9.3;
				MTL_ENABLE_DEBUG_INFO = YES;
				ONLY_ACTIVE_ARCH = YES;
				SDKROOT = iphoneos;
				SWIFT_OPTIMIZATION_LEVEL = "-Onone";
			};
			name = Debug;
		};
		1A64CEA31D75675B00E09EAC /* Release */ = {
			isa = XCBuildConfiguration;
			buildSettings = {
				ALWAYS_SEARCH_USER_PATHS = NO;
				CLANG_ANALYZER_NONNULL = YES;
				CLANG_CXX_LANGUAGE_STANDARD = "gnu++0x";
				CLANG_CXX_LIBRARY = "libc++";
				CLANG_ENABLE_MODULES = YES;
				CLANG_ENABLE_OBJC_ARC = YES;
				CLANG_WARN_BOOL_CONVERSION = YES;
				CLANG_WARN_CONSTANT_CONVERSION = YES;
				CLANG_WARN_DIRECT_OBJC_ISA_USAGE = YES_ERROR;
				CLANG_WARN_EMPTY_BODY = YES;
				CLANG_WARN_ENUM_CONVERSION = YES;
				CLANG_WARN_INT_CONVERSION = YES;
				CLANG_WARN_OBJC_ROOT_CLASS = YES_ERROR;
				CLANG_WARN_UNREACHABLE_CODE = YES;
				CLANG_WARN__DUPLICATE_METHOD_MATCH = YES;
				"CODE_SIGN_IDENTITY[sdk=iphoneos*]" = "iPhone Developer";
				COPY_PHASE_STRIP = NO;
				DEBUG_INFORMATION_FORMAT = "dwarf-with-dsym";
				ENABLE_NS_ASSERTIONS = NO;
				ENABLE_STRICT_OBJC_MSGSEND = YES;
				GCC_C_LANGUAGE_STANDARD = gnu99;
				GCC_NO_COMMON_BLOCKS = YES;
				GCC_WARN_64_TO_32_BIT_CONVERSION = YES;
				GCC_WARN_ABOUT_RETURN_TYPE = YES_ERROR;
				GCC_WARN_UNDECLARED_SELECTOR = YES;
				GCC_WARN_UNINITIALIZED_AUTOS = YES_AGGRESSIVE;
				GCC_WARN_UNUSED_FUNCTION = YES;
				GCC_WARN_UNUSED_VARIABLE = YES;
				IPHONEOS_DEPLOYMENT_TARGET = 9.3;
				MTL_ENABLE_DEBUG_INFO = NO;
				SDKROOT = iphoneos;
				VALIDATE_PRODUCT = YES;
			};
			name = Release;
		};
		1A64CEA51D75675B00E09EAC /* Debug */ = {
			isa = XCBuildConfiguration;
			buildSettings = {
				ASSETCATALOG_COMPILER_APPICON_NAME = AppIcon;
				INFOPLIST_FILE = gwlTransformAnim/Info.plist;
				LD_RUNPATH_SEARCH_PATHS = "$(inherited) @executable_path/Frameworks";
				PRODUCT_BUNDLE_IDENTIFIER = com.wr.gwlTransformAnim;
				PRODUCT_NAME = "$(TARGET_NAME)";
			};
			name = Debug;
		};
		1A64CEA61D75675B00E09EAC /* Release */ = {
			isa = XCBuildConfiguration;
			buildSettings = {
				ASSETCATALOG_COMPILER_APPICON_NAME = AppIcon;
				INFOPLIST_FILE = gwlTransformAnim/Info.plist;
				LD_RUNPATH_SEARCH_PATHS = "$(inherited) @executable_path/Frameworks";
				PRODUCT_BUNDLE_IDENTIFIER = com.wr.gwlTransformAnim;
				PRODUCT_NAME = "$(TARGET_NAME)";
			};
			name = Release;
		};
/* End XCBuildConfiguration section */

/* Begin XCConfigurationList section */
		1A64CE8D1D75675B00E09EAC /* Build configuration list for PBXProject "gwlTransformAnim" */ = {
			isa = XCConfigurationList;
			buildConfigurations = (
				1A64CEA21D75675B00E09EAC /* Debug */,
				1A64CEA31D75675B00E09EAC /* Release */,
			);
			defaultConfigurationIsVisible = 0;
			defaultConfigurationName = Release;
		};
		1A64CEA41D75675B00E09EAC /* Build configuration list for PBXNativeTarget "gwlTransformAnim" */ = {
			isa = XCConfigurationList;
			buildConfigurations = (
				1A64CEA51D75675B00E09EAC /* Debug */,
				1A64CEA61D75675B00E09EAC /* Release */,
			);
			defaultConfigurationIsVisible = 0;
		};
/* End XCConfigurationList section */
	};
	rootObject = 1A64CE8A1D75675B00E09EAC /* Project object */;
}
